Microsoft Visual Studio Solution File, Format Version 11.00
# Visual Studio 2008

Project("{58757EB2-0C97-B1E5-540C-ADBF8C207DEA}") = "astroid", "Assembly-CSharp.csproj", "{3AE4D1D7-288D-5044-DFEA-66B9DBD1EB1F}"
EndProject
Global
	GlobalSection(SolutionConfigurationPlatforms) = preSolution
		Debug|Any CPU = Debug|Any CPU
		Release|Any CPU = Release|Any CPU
	EndGlobalSection
	GlobalSection(ProjectConfigurationPlatforms) = postSolution
		{3AE4D1D7-288D-5044-DFEA-66B9DBD1EB1F}.Debug|Any CPU.ActiveCfg = Debug|Any CPU
		{3AE4D1D7-288D-5044-DFEA-66B9DBD1EB1F}.Debug|Any CPU.Build.0 = Debug|Any CPU
		{3AE4D1D7-288D-5044-DFEA-66B9DBD1EB1F}.Release|Any CPU.ActiveCfg = Release|Any CPU
		{3AE4D1D7-288D-5044-DFEA-66B9DBD1EB1F}.Release|Any CPU.Build.0 = Release|Any CPU
	EndGlobalSection
	GlobalSection(SolutionProperties) = preSolution
		HideSolutionNode = FALSE
	EndGlobalSection
	GlobalSection(MonoDevelopProperties) = preSolution
		StartupItem = Assembly-CSharp.csproj
	EndGlobalSection
EndGlobal
